
Microsoft Visual Studio Solution File, Format Version 12.00
# Visual Studio Version 16
VisualStudioVersion = 16.0.31624.102
MinimumVisualStudioVersion = 10.0.40219.1
Project("{FAE04EC0-301F-11D3-BF4B-00C04F79EFBC}") = "IsCafee", "IsCafee.csproj", "{A21D7979-2061-4108-AAA3-F25B92E3DFF0}"
EndProject
Project("{FAE04EC0-301F-11D3-BF4B-00C04F79EFBC}") = "ClassLibraryIsCafee", "..\ClassLibraryIsCafee\ClassLibraryIsCafee.csproj", "{54430D9B-4EEB-4553-85D1-E2AC8CF4CB1F}"
EndProject
Global
	GlobalSection(SolutionConfigurationPlatforms) = preSolution
		Debug|Any CPU = Debug|Any CPU
		Release|Any CPU = Release|Any CPU
	EndGlobalSection
	GlobalSection(ProjectConfigurationPlatforms) = postSolution
		{A21D7979-2061-4108-AAA3-F25B92E3DFF0}.Debug|Any CPU.ActiveCfg = Debug|Any CPU
		{A21D7979-2061-4108-AAA3-F25B92E3DFF0}.Debug|Any CPU.Build.0 = Debug|Any CPU
		{A21D7979-2061-4108-AAA3-F25B92E3DFF0}.Release|Any CPU.ActiveCfg = Release|Any CPU
		{A21D7979-2061-4108-AAA3-F25B92E3DFF0}.Release|Any CPU.Build.0 = Release|Any CPU
		{54430D9B-4EEB-4553-85D1-E2AC8CF4CB1F}.Debug|Any CPU.ActiveCfg = Debug|Any CPU
		{54430D9B-4EEB-4553-85D1-E2AC8CF4CB1F}.Debug|Any CPU.Build.0 = Debug|Any CPU
		{54430D9B-4EEB-4553-85D1-E2AC8CF4CB1F}.Release|Any CPU.ActiveCfg = Release|Any CPU
		{54430D9B-4EEB-4553-85D1-E2AC8CF4CB1F}.Release|Any CPU.Build.0 = Release|Any CPU
	EndGlobalSection
	GlobalSection(SolutionProperties) = preSolution
		HideSolutionNode = FALSE
	EndGlobalSection
	GlobalSection(ExtensibilityGlobals) = postSolution
		SolutionGuid = {51E6CFF1-8740-4641-9F93-3847F7E96445}
	EndGlobalSection
EndGlobal
